
Microsoft Visual Studio Solution File, Format Version 12.00
# Visual Studio Version 17
VisualStudioVersion = 17.3.32922.545
MinimumVisualStudioVersion = 10.0.40219.1
Project("{FAE04EC0-301F-11D3-BF4B-00C04F79EFBC}") = "ArrayDemo", "ArrayDemo\ArrayDemo.csproj", "{541F7425-A1F7-4538-9E7C-BF3BFF5EB0B6}"
EndProject
Global
	GlobalSection(SolutionConfigurationPlatforms) = preSolution
		Debug|Any CPU = Debug|Any CPU
		Release|Any CPU = Release|Any CPU
	EndGlobalSection
	GlobalSection(ProjectConfigurationPlatforms) = postSolution
		{541F7425-A1F7-4538-9E7C-BF3BFF5EB0B6}.Debug|Any CPU.ActiveCfg = Debug|Any CPU
		{541F7425-A1F7-4538-9E7C-BF3BFF5EB0B6}.Debug|Any CPU.Build.0 = Debug|Any CPU
		{541F7425-A1F7-4538-9E7C-BF3BFF5EB0B6}.Release|Any CPU.ActiveCfg = Release|Any CPU
		{541F7425-A1F7-4538-9E7C-BF3BFF5EB0B6}.Release|Any CPU.Build.0 = Release|Any CPU
	EndGlobalSection
	GlobalSection(SolutionProperties) = preSolution
		HideSolutionNode = FALSE
	EndGlobalSection
	GlobalSection(ExtensibilityGlobals) = postSolution
		SolutionGuid = {F7E2EAA0-7421-4BFC-8F9A-55AD9DE40B24}
	EndGlobalSection
EndGlobal
